lockfileVersion: 5.4

specifiers:
  '@actions/core': ^1.10.0
  '@actions/github': ^5.1.1
  '@effect/data': ^0.5.0
  '@effect/io': ^0.10.0
  '@effect/node': https://gist.githubusercontent.com/tim-smart/2249154d563bbbdd603cb09e834361e8/raw/602c9728aecff26ef6dd3438ca8bba2632f17eab/effect-node-0.0.7.tgz
  '@effect/schema': ^0.3.1
  '@effect/stream': ^0.12.1
  '@octokit/types': ^9.0.0
  '@tsplus-types/effect__data': 0.5.0-bf7ce75
  '@tsplus-types/effect__io': 0.10.0-bf7ce75
  '@tsplus-types/effect__schema': 0.3.1-bf7ce75
  '@tsplus-types/effect__stream': 0.12.1-bf7ce75
  '@types/node': ^18.15.5
  '@vercel/ncc': ^0.36.1
  dotenv: ^16.0.3
  prettier: ^2.8.6
  simple-git: ^3.17.0
  typescript: https://cdn.jsdelivr.net/npm/@tsplus/installer@0.0.171/compiler/typescript.tgz

dependencies:
  '@actions/core': 1.10.0
  '@actions/github': 5.1.1
  '@effect/data': 0.5.0
  '@effect/io': 0.10.0
  '@effect/node': '@gist.githubusercontent.com/tim-smart/2249154d563bbbdd603cb09e834361e8/raw/602c9728aecff26ef6dd3438ca8bba2632f17eab/effect-node-0.0.7.tgz'
  '@effect/schema': 0.3.1
  '@effect/stream': 0.12.1
  dotenv: 16.0.3
  simple-git: 3.17.0

devDependencies:
  '@octokit/types': 9.0.0
  '@tsplus-types/effect__data': 0.5.0-bf7ce75_@effect+data@0.5.0
  '@tsplus-types/effect__io': 0.10.0-bf7ce75_@effect+io@0.10.0
  '@tsplus-types/effect__schema': 0.3.1-bf7ce75_@effect+schema@0.3.1
  '@tsplus-types/effect__stream': 0.12.1-bf7ce75_@effect+stream@0.12.1
  '@types/node': 18.15.5
  '@vercel/ncc': 0.36.1
  prettier: 2.8.6
  typescript: '@cdn.jsdelivr.net/npm/@tsplus/installer@0.0.171/compiler/typescript.tgz'

packages:

  /@actions/core/1.10.0:
    resolution: {integrity: sha512-2aZDDa3zrrZbP5ZYg159sNoLRb61nQ7awl5pSvIq5Qpj81vwDzdMRKzkWJGJuwVvWpvZKx7vspJALyvaaIQyug==}
    dependencies:
      '@actions/http-client': 2.0.1
      uuid: 8.3.2
    dev: false

  /@actions/github/5.1.1:
    resolution: {integrity: sha512-Nk59rMDoJaV+mHCOJPXuvB1zIbomlKS0dmSIqPGxd0enAXBnOfn4VWF+CGtRCwXZG9Epa54tZA7VIRlJDS8A6g==}
    dependencies:
      '@actions/http-client': 2.0.1
      '@octokit/core': 3.6.0
      '@octokit/plugin-paginate-rest': 2.21.3_@octokit+core@3.6.0
      '@octokit/plugin-rest-endpoint-methods': 5.16.2_@octokit+core@3.6.0
    transitivePeerDependencies:
      - encoding
    dev: false

  /@actions/http-client/2.0.1:
    resolution: {integrity: sha512-PIXiMVtz6VvyaRsGY268qvj57hXQEpsYogYOu2nrQhlf+XCGmZstmuZBbAybUl1nQGnvS1k1eEsQ69ZoD7xlSw==}
    dependencies:
      tunnel: 0.0.6
    dev: false

  /@effect/data/0.5.0:
    resolution: {integrity: sha512-9yuEyx19MCt4cCUlqJMgtiDxuAVlm9oA14IS4AtsG7Xip/8uKcmxSfynKfiDuPWJukA2QHR54blUzewqBxupvQ==}

  /@effect/io/0.10.0:
    resolution: {integrity: sha512-zNST2PjJlbpzle/zCUpui3Ttp8By8Z9gDfRpy6o//ejgL2CCd0G4VflZ74Hy3L8w/GLCVUXput52DfB5bxEsqA==}
    dependencies:
      '@effect/data': 0.5.0

  /@effect/schema/0.3.1:
    resolution: {integrity: sha512-tiJwSwDGik5euEkYXL4AEde6Z0Ghu3VSfSsicnLYfTCywS6cpM+u8k3GGUP2VYcJy9BhFs8rpLQ+/QfV8M3izw==}
    dependencies:
      '@effect/data': 0.5.0
      '@effect/io': 0.10.0
      fast-check: 3.7.1

  /@effect/stream/0.12.1:
    resolution: {integrity: sha512-Y5CkZXv1M6EAbuqa1tQxL6qeeDlxRchUZq+XHc7kb/sko9Za+G/WyRqoEWm0VmIcyWh6RCzpEsN6m3izXqIT0w==}
    dependencies:
      '@effect/data': 0.5.0
      '@effect/io': 0.10.0

  /@kwsites/file-exists/1.1.1:
    resolution: {integrity: sha512-m9/5YGR18lIwxSFDwfE3oA7bWuq9kdau6ugN4H2rJeyhFQZcG9AgSHkQtSD15a8WvTgfz9aikZMrKPHvbpqFiw==}
    dependencies:
      debug: 4.3.4
    transitivePeerDependencies:
      - supports-color
    dev: false

  /@kwsites/promise-deferred/1.1.1:
    resolution: {integrity: sha512-GaHYm+c0O9MjZRu0ongGBRbinu8gVAMd2UZjji6jVmqKtZluZnptXGWhz1E8j8D2HJ3f/yMxKAUC0b+57wncIw==}
    dev: false

  /@octokit/auth-token/2.5.0:
    resolution: {integrity: sha512-r5FVUJCOLl19AxiuZD2VRZ/ORjp/4IN98Of6YJoJOkY75CIBuYfmiNHGrDwXr+aLGG55igl9QrxX3hbiXlLb+g==}
    dependencies:
      '@octokit/types': 6.41.0
    dev: false

  /@octokit/core/3.6.0:
    resolution: {integrity: sha512-7RKRKuA4xTjMhY+eG3jthb3hlZCsOwg3rztWh75Xc+ShDWOfDDATWbeZpAHBNRpm4Tv9WgBMOy1zEJYXG6NJ7Q==}
    dependencies:
      '@octokit/auth-token': 2.5.0
      '@octokit/graphql': 4.8.0
      '@octokit/request': 5.6.3
      '@octokit/request-error': 2.1.0
      '@octokit/types': 6.41.0
      before-after-hook: 2.2.3
      universal-user-agent: 6.0.0
    transitivePeerDependencies:
      - encoding
    dev: false

  /@octokit/endpoint/6.0.12:
    resolution: {integrity: sha512-lF3puPwkQWGfkMClXb4k/eUT/nZKQfxinRWJrdZaJO85Dqwo/G0yOC434Jr2ojwafWJMYqFGFa5ms4jJUgujdA==}
    dependencies:
      '@octokit/types': 6.41.0
      is-plain-object: 5.0.0
      universal-user-agent: 6.0.0
    dev: false

  /@octokit/graphql/4.8.0:
    resolution: {integrity: sha512-0gv+qLSBLKF0z8TKaSKTsS39scVKF9dbMxJpj3U0vC7wjNWFuIpL/z76Qe2fiuCbDRcJSavkXsVtMS6/dtQQsg==}
    dependencies:
      '@octokit/request': 5.6.3
      '@octokit/types': 6.41.0
      universal-user-agent: 6.0.0
    transitivePeerDependencies:
      - encoding
    dev: false

  /@octokit/openapi-types/12.11.0:
    resolution: {integrity: sha512-VsXyi8peyRq9PqIz/tpqiL2w3w80OgVMwBHltTml3LmVvXiphgeqmY9mvBw9Wu7e0QWk/fqD37ux8yP5uVekyQ==}
    dev: false

  /@octokit/openapi-types/16.0.0:
    resolution: {integrity: sha512-JbFWOqTJVLHZSUUoF4FzAZKYtqdxWu9Z5m2QQnOyEa04fOFljvyh7D3GYKbfuaSWisqehImiVIMG4eyJeP5VEA==}
    dev: true

  /@octokit/plugin-paginate-rest/2.21.3_@octokit+core@3.6.0:
    resolution: {integrity: sha512-aCZTEf0y2h3OLbrgKkrfFdjRL6eSOo8komneVQJnYecAxIej7Bafor2xhuDJOIFau4pk0i/P28/XgtbyPF0ZHw==}
    peerDependencies:
      '@octokit/core': '>=2'
    dependencies:
      '@octokit/core': 3.6.0
      '@octokit/types': 6.41.0
    dev: false

  /@octokit/plugin-rest-endpoint-methods/5.16.2_@octokit+core@3.6.0:
    resolution: {integrity: sha512-8QFz29Fg5jDuTPXVtey05BLm7OB+M8fnvE64RNegzX7U+5NUXcOcnpTIK0YfSHBg8gYd0oxIq3IZTe9SfPZiRw==}
    peerDependencies:
      '@octokit/core': '>=3'
    dependencies:
      '@octokit/core': 3.6.0
      '@octokit/types': 6.41.0
      deprecation: 2.3.1
    dev: false

  /@octokit/request-error/2.1.0:
    resolution: {integrity: sha512-1VIvgXxs9WHSjicsRwq8PlR2LR2x6DwsJAaFgzdi0JfJoGSO8mYI/cHJQ+9FbN21aa+DrgNLnwObmyeSC8Rmpg==}
    dependencies:
      '@octokit/types': 6.41.0
      deprecation: 2.3.1
      once: 1.4.0
    dev: false

  /@octokit/request/5.6.3:
    resolution: {integrity: sha512-bFJl0I1KVc9jYTe9tdGGpAMPy32dLBXXo1dS/YwSCTL/2nd9XeHsY616RE3HPXDVk+a+dBuzyz5YdlXwcDTr2A==}
    dependencies:
      '@octokit/endpoint': 6.0.12
      '@octokit/request-error': 2.1.0
      '@octokit/types': 6.41.0
      is-plain-object: 5.0.0
      node-fetch: 2.6.9
      universal-user-agent: 6.0.0
    transitivePeerDependencies:
      - encoding
    dev: false

  /@octokit/types/6.41.0:
    resolution: {integrity: sha512-eJ2jbzjdijiL3B4PrSQaSjuF2sPEQPVCPzBvTHJD9Nz+9dw2SGH4K4xeQJ77YfTq5bRQ+bD8wT11JbeDPmxmGg==}
    dependencies:
      '@octokit/openapi-types': 12.11.0
    dev: false

  /@octokit/types/9.0.0:
    resolution: {integrity: sha512-LUewfj94xCMH2rbD5YJ+6AQ4AVjFYTgpp6rboWM5T7N3IsIF65SBEOVcYMGAEzO/kKNiNaW4LoWtoThOhH06gw==}
    dependencies:
      '@octokit/openapi-types': 16.0.0
    dev: true

  /@tsplus-types/effect__data/0.5.0-bf7ce75_@effect+data@0.5.0:
    resolution: {integrity: sha512-uLCfotHgZAbAO1sHGV8epnd7qDM8jo57ll6acJ5MxkvsRmwJaoyiZco3NeNzVshllsnzgEXaD4CXCYrfQDCmgQ==}
    peerDependencies:
      '@effect/data': 0.5.0
    dependencies:
      '@effect/data': 0.5.0
    dev: true

  /@tsplus-types/effect__io/0.10.0-bf7ce75_@effect+io@0.10.0:
    resolution: {integrity: sha512-98GEQ+HB0jvWsMJ2K4eoA6yoLM1ilwoWl9+afV4ItmMgsXOzaIeQPAlApg4+SJnHTwzEfS0nHFwRKllZenvolA==}
    peerDependencies:
      '@effect/io': 0.10.0
    dependencies:
      '@effect/io': 0.10.0
    dev: true

  /@tsplus-types/effect__schema/0.3.1-bf7ce75_@effect+schema@0.3.1:
    resolution: {integrity: sha512-Ck+2Xp7XExuoYruglnObgB8i9WsZCWRkVgrbDoKMXx9L6aBFhsbTAztXkrBF1qhYwHiVsfgCTxysObj5alzE0g==}
    peerDependencies:
      '@effect/schema': 0.3.1
    dependencies:
      '@effect/schema': 0.3.1
    dev: true

  /@tsplus-types/effect__stream/0.12.1-bf7ce75_@effect+stream@0.12.1:
    resolution: {integrity: sha512-s/+zz87uuslbQ5IgdyzAzwYU3yerVtNgJaJ3hOSjseMP1NmoIGmDaVgMo4JCX6DeL76Gm9OrO+k/M/eQX+I0mA==}
    peerDependencies:
      '@effect/stream': 0.12.1
    dependencies:
      '@effect/stream': 0.12.1
    dev: true

  /@types/node/18.15.5:
    resolution: {integrity: sha512-Ark2WDjjZO7GmvsyFFf81MXuGTA/d6oP38anyxWOL6EREyBKAxKoFHwBhaZxCfLRLpO8JgVXwqOwSwa7jRcjew==}
    dev: true

  /@vercel/ncc/0.36.1:
    resolution: {integrity: sha512-S4cL7Taa9yb5qbv+6wLgiKVZ03Qfkc4jGRuiUQMQ8HGBD5pcNRnHeYM33zBvJE4/zJGjJJ8GScB+WmTsn9mORw==}
    hasBin: true
    dev: true

  /before-after-hook/2.2.3:
    resolution: {integrity: sha512-NzUnlZexiaH/46WDhANlyR2bXRopNg4F/zuSA3OpZnllCUgRaOF2znDioDWrmbNVsuZk6l9pMquQB38cfBZwkQ==}
    dev: false

  /debug/4.3.4:
    resolution: {integrity: sha512-PRWFHuSU3eDtQJPvnNY7Jcket1j0t5OuOsFzPPzsekD52Zl8qUfFIPEiswXqIvHWGVHOgX+7G/vCNNhehwxfkQ==}
    engines: {node: '>=6.0'}
    peerDependencies:
      supports-color: '*'
    peerDependenciesMeta:
      supports-color:
        optional: true
    dependencies:
      ms: 2.1.2
    dev: false

  /deprecation/2.3.1:
    resolution: {integrity: sha512-xmHIy4F3scKVwMsQ4WnVaS8bHOx0DmVwRywosKhaILI0ywMDWPtBSku2HNxRvF7jtwDRsoEwYQSfbxj8b7RlJQ==}
    dev: false

  /dotenv/16.0.3:
    resolution: {integrity: sha512-7GO6HghkA5fYG9TYnNxi14/7K9f5occMlp3zXAuSxn7CKCxt9xbNWG7yF8hTCSUchlfWSe3uLmlPfigevRItzQ==}
    engines: {node: '>=12'}
    dev: false

  /fast-check/3.7.1:
    resolution: {integrity: sha512-d63EsxP1eedA+x94xNxIpTWtBShq95KL6ZSrKTD0Pp1lPASmajAaDHJ71c5ebwZ+vBzlTt3AOalcAnBzL7PQ6Q==}
    engines: {node: '>=8.0.0'}
    dependencies:
      pure-rand: 6.0.1

  /is-plain-object/5.0.0:
    resolution: {integrity: sha512-VRSzKkbMm5jMDoKLbltAkFQ5Qr7VDiTFGXxYFXXowVj387GeGNOCsOH6Msy00SGZ3Fp84b1Naa1psqgcCIEP5Q==}
    engines: {node: '>=0.10.0'}
    dev: false

  /ms/2.1.2:
    resolution: {integrity: sha512-sGkPx+VjMtmA6MX27oA4FBFELFCZZ4S4XqeGOXCv68tT+jb3vk/RyaKWP0PTKyWtmLSM0b+adUTEvbs1PEaH2w==}
    dev: false

  /node-fetch/2.6.9:
    resolution: {integrity: sha512-DJm/CJkZkRjKKj4Zi4BsKVZh3ValV5IR5s7LVZnW+6YMh0W1BfNA8XSs6DLMGYlId5F3KnA70uu2qepcR08Qqg==}
    engines: {node: 4.x || >=6.0.0}
    peerDependencies:
      encoding: ^0.1.0
    peerDependenciesMeta:
      encoding:
        optional: true
    dependencies:
      whatwg-url: 5.0.0
    dev: false

  /once/1.4.0:
    resolution: {integrity: sha512-lNaJgI+2Q5URQBkccEKHTQOPaXdUxnZZElQTZY0MFUAuaEqe1E+Nyvgdz/aIyNi6Z9MzO5dv1H8n58/GELp3+w==}
    dependencies:
      wrappy: 1.0.2
    dev: false

  /prettier/2.8.6:
    resolution: {integrity: sha512-mtuzdiBbHwPEgl7NxWlqOkithPyp4VN93V7VeHVWBF+ad3I5avc0RVDT4oImXQy9H/AqxA2NSQH8pSxHW6FYbQ==}
    engines: {node: '>=10.13.0'}
    hasBin: true
    dev: true

  /pure-rand/6.0.1:
    resolution: {integrity: sha512-t+x1zEHDjBwkDGY5v5ApnZ/utcd4XYDiJsaQQoptTXgUXX95sDg1elCdJghzicm7n2mbCBJ3uYWr6M22SO19rg==}

  /simple-git/3.17.0:
    resolution: {integrity: sha512-JozI/s8jr3nvLd9yn2jzPVHnhVzt7t7QWfcIoDcqRIGN+f1IINGv52xoZti2kkYfoRhhRvzMSNPfogHMp97rlw==}
    dependencies:
      '@kwsites/file-exists': 1.1.1
      '@kwsites/promise-deferred': 1.1.1
      debug: 4.3.4
    transitivePeerDependencies:
      - supports-color
    dev: false

  /tr46/0.0.3:
    resolution: {integrity: sha512-N3WMsuqV66lT30CrXNbEjx4GEwlow3v6rr4mCcv6prnfwhS01rkgyFdjPNBYd9br7LpXV1+Emh01fHnq2Gdgrw==}
    dev: false

  /tunnel/0.0.6:
    resolution: {integrity: sha512-1h/Lnq9yajKY2PEbBadPXj3VxsDDu844OnaAo52UVmIzIvwwtBPIuNvkjuzBlTWpfJyUbG3ez0KSBibQkj4ojg==}
    engines: {node: '>=0.6.11 <=0.7.0 || >=0.7.3'}
    dev: false

  /universal-user-agent/6.0.0:
    resolution: {integrity: sha512-isyNax3wXoKaulPDZWHQqbmIx1k2tb9fb3GGDBRxCscfYV2Ch7WxPArBsFEG8s/safwXTT7H4QGhaIkTp9447w==}
    dev: false

  /uuid/8.3.2:
    resolution: {integrity: sha512-+NYs2QeMWy+GWFOEm9xnn6HCDp0l7QBD7ml8zLUmJ+93Q5NF0NocErnwkTkXVFNiX3/fpC6afS8Dhb/gz7R7eg==}
    hasBin: true
    dev: false

  /webidl-conversions/3.0.1:
    resolution: {integrity: sha512-2JAn3z8AR6rjK8Sm8orRC0h/bcl/DqL7tRPdGZ4I1CjdF+EaMLmYxBHyXuKL849eucPFhvBoxMsflfOb8kxaeQ==}
    dev: false

  /whatwg-url/5.0.0:
    resolution: {integrity: sha512-saE57nupxk6v3HY35+jzBwYa0rKSy0XR8JSxZPwgLr7ys0IBzhGviA1/TUGJLmSVqs8pb9AnvICXEuOHLprYTw==}
    dependencies:
      tr46: 0.0.3
      webidl-conversions: 3.0.1
    dev: false

  /wrappy/1.0.2:
    resolution: {integrity: sha512-l4Sp/DRseor9wL6EvV2+TuQn63dMkPjZ/sp9XkghTEbV9KlPS1xUsZ3u7/IQO4wxtcFB4bgpQPRcR3QCvezPcQ==}
    dev: false

  '@cdn.jsdelivr.net/npm/@tsplus/installer@0.0.171/compiler/typescript.tgz':
    resolution: {tarball: https://cdn.jsdelivr.net/npm/@tsplus/installer@0.0.171/compiler/typescript.tgz}
    name: typescript
    version: 5.0.0-tsplus.20230224
    engines: {node: '>=4.2.0'}
    hasBin: true
    dev: true

  '@gist.githubusercontent.com/tim-smart/2249154d563bbbdd603cb09e834361e8/raw/602c9728aecff26ef6dd3438ca8bba2632f17eab/effect-node-0.0.7.tgz':
    resolution: {tarball: https://gist.githubusercontent.com/tim-smart/2249154d563bbbdd603cb09e834361e8/raw/602c9728aecff26ef6dd3438ca8bba2632f17eab/effect-node-0.0.7.tgz}
    name: '@effect/node'
    version: 0.0.7
    dependencies:
      '@effect/data': 0.5.0
      '@effect/io': 0.10.0
      '@effect/stream': 0.12.1
    dev: false
